
Microsoft Visual Studio Solution File, Format Version 12.00
# Visual Studio Version 17
VisualStudioVersion = 17.11.35312.102
MinimumVisualStudioVersion = 10.0.40219.1
Project("{FAE04EC0-301F-11D3-BF4B-00C04F79EFBC}") = "班级表演小助手", "班级表演小助手\班级表演小助手.csproj", "{EDAC8D5D-1978-4A04-A136-8B5D22D62D13}"
EndProject
Global
	GlobalSection(SolutionConfigurationPlatforms) = preSolution
		Debug|Any CPU = Debug|Any CPU
		Release|Any CPU = Release|Any CPU
	EndGlobalSection
	GlobalSection(ProjectConfigurationPlatforms) = postSolution
		{EDAC8D5D-1978-4A04-A136-8B5D22D62D13}.Debug|Any CPU.ActiveCfg = Debug|Any CPU
		{EDAC8D5D-1978-4A04-A136-8B5D22D62D13}.Debug|Any CPU.Build.0 = Debug|Any CPU
		{EDAC8D5D-1978-4A04-A136-8B5D22D62D13}.Release|Any CPU.ActiveCfg = Release|Any CPU
		{EDAC8D5D-1978-4A04-A136-8B5D22D62D13}.Release|Any CPU.Build.0 = Release|Any CPU
	EndGlobalSection
	GlobalSection(SolutionProperties) = preSolution
		HideSolutionNode = FALSE
	EndGlobalSection
	GlobalSection(ExtensibilityGlobals) = postSolution
		SolutionGuid = {AD400D66-354F-4A70-AC31-EF63E1B7542E}
	EndGlobalSection
EndGlobal
